// !$*UTF8*$!
{
	archiveVersion = 1;
	classes = {
	};
	objectVersion = 50;
	objects = {

/* Begin PBXBuildFile section */
		88B9FF8F25B9F4A8008E9C7E /* DemoApp.swift in Sources */ = {isa = PBXBuildFile; fileRef = 88B9FF8E25B9F4A8008E9C7E /* DemoApp.swift */; };
		88B9FF9125B9F4A8008E9C7E /* MainView.swift in Sources */ = {isa = PBXBuildFile; fileRef = 88B9FF9025B9F4A8008E9C7E /* MainView.swift */; };
		88B9FF9325B9F4AA008E9C7E /* Assets.xcassets in Resources */ = {isa = PBXBuildFile; fileRef = 88B9FF9225B9F4AA008E9C7E /* Assets.xcassets */; };
		88B9FF9625B9F4AA008E9C7E /* Preview Assets.xcassets in Resources */ = {isa = PBXBuildFile; fileRef = 88B9FF9525B9F4AA008E9C7E /* Preview Assets.xcassets */; };
		88B9FF9B25B9F4AA008E9C7E /* Demo.xcdatamodeld in Sources */ = {isa = PBXBuildFile; fileRef = 88B9FF9925B9F4AA008E9C7E /* Demo.xcdatamodeld */; };
		88B9FFA625B9F4AB008E9C7E /* DemoTests.swift in Sources */ = {isa = PBXBuildFile; fileRef = 88B9FFA525B9F4AB008E9C7E /* DemoTests.swift */; };
		88B9FFB125B9F4AB008E9C7E /* DemoUITests.swift in Sources */ = {isa = PBXBuildFile; fileRef = 88B9FFB025B9F4AB008E9C7E /* DemoUITests.swift */; };
		88B9FFCE25B9F52E008E9C7E /* SettingsView.swift in Sources */ = {isa = PBXBuildFile; fileRef = 88B9FFCD25B9F52E008E9C7E /* SettingsView.swift */; };
		88B9FFD325B9F533008E9C7E /* HomeView.swift in Sources */ = {isa = PBXBuildFile; fileRef = 88B9FFD225B9F533008E9C7E /* HomeView.swift */; };
/* End PBXBuildFile section */

/* Begin PBXContainerItemProxy section */
		88B9FFA225B9F4AB008E9C7E /* PBXContainerItemProxy */ = {
			isa = PBXContainerItemProxy;
			containerPortal = 88B9FF8325B9F4A8008E9C7E /* Project object */;
			proxyType = 1;
			remoteGlobalIDString = 88B9FF8A25B9F4A8008E9C7E;
			remoteInfo = Demo;
		};
		88B9FFAD25B9F4AB008E9C7E /* PBXContainerItemProxy */ = {
			isa = PBXContainerItemProxy;
			containerPortal = 88B9FF8325B9F4A8008E9C7E /* Project object */;
			proxyType = 1;
			remoteGlobalIDString = 88B9FF8A25B9F4A8008E9C7E;
			remoteInfo = Demo;
		};
/* End PBXContainerItemProxy section */

/* Begin PBXFileReference section */
		88B9FF8B25B9F4A8008E9C7E /* Demo.app */ = {isa = PBXFileReference; explicitFileType = wrapper.application; includeInIndex = 0; path = Demo.app; sourceTree = BUILT_PRODUCTS_DIR; };
		88B9FF8E25B9F4A8008E9C7E /* DemoApp.swift */ = {isa = PBXFileReference; lastKnownFileType = sourcecode.swift; path = DemoApp.swift; sourceTree = "<group>"; };
		88B9FF9025B9F4A8008E9C7E /* MainView.swift */ = {isa = PBXFileReference; lastKnownFileType = sourcecode.swift; path = MainView.swift; sourceTree = "<group>"; };
		88B9FF9225B9F4AA008E9C7E /* Assets.xcassets */ = {isa = PBXFileReference; lastKnownFileType = folder.assetcatalog; path = Assets.xcassets; sourceTree = "<group>"; };
		88B9FF9525B9F4AA008E9C7E /* Preview Assets.xcassets */ = {isa = PBXFileReference; lastKnownFileType = folder.assetcatalog; path = "Preview Assets.xcassets"; sourceTree = "<group>"; };
		88B9FF9A25B9F4AA008E9C7E /* Demo.xcdatamodel */ = {isa = PBXFileReference; lastKnownFileType = wrapper.xcdatamodel; path = Demo.xcdatamodel; sourceTree = "<group>"; };
		88B9FF9C25B9F4AA008E9C7E /* Info.plist */ = {isa = PBXFileReference; lastKnownFileType = text.plist.xml; path = Info.plist; sourceTree = "<group>"; };
		88B9FFA125B9F4AB008E9C7E /* DemoTests.xctest */ = {isa = PBXFileReference; explicitFileType = wrapper.cfbundle; includeInIndex = 0; path = DemoTests.xctest; sourceTree = BUILT_PRODUCTS_DIR; };
		88B9FFA525B9F4AB008E9C7E /* DemoTests.swift */ = {isa = PBXFileReference; lastKnownFileType = sourcecode.swift; path = DemoTests.swift; sourceTree = "<group>"; };
		88B9FFA725B9F4AB008E9C7E /* Info.plist */ = {isa = PBXFileReference; lastKnownFileType = text.plist.xml; path = Info.plist; sourceTree = "<group>"; };
		88B9FFAC25B9F4AB008E9C7E /* DemoUITests.xctest */ = {isa = PBXFileReference; explicitFileType = wrapper.cfbundle; includeInIndex = 0; path = DemoUITests.xctest; sourceTree = BUILT_PRODUCTS_DIR; };
		88B9FFB025B9F4AB008E9C7E /* DemoUITests.swift */ = {isa = PBXFileReference; lastKnownFileType = sourcecode.swift; path = DemoUITests.swift; sourceTree = "<group>"; };
		88B9FFB225B9F4AB008E9C7E /* Info.plist */ = {isa = PBXFileReference; lastKnownFileType = text.plist.xml; path = Info.plist; sourceTree = "<group>"; };
		88B9FFCD25B9F52E008E9C7E /* SettingsView.swift */ = {isa = PBXFileReference; lastKnownFileType = sourcecode.swift; path = SettingsView.swift; sourceTree = "<group>"; };
		88B9FFD225B9F533008E9C7E /* HomeView.swift */ = {isa = PBXFileReference; lastKnownFileType = sourcecode.swift; path = HomeView.swift; sourceTree = "<group>"; };
/* End PBXFileReference section */

/* Begin PBXFrameworksBuildPhase section */
		88B9FF8825B9F4A8008E9C7E /* Frameworks */ = {
			isa = PBXFrameworksBuildPhase;
			buildActionMask = 2147483647;
			files = (
			);
			runOnlyForDeploymentPostprocessing = 0;
		};
		88B9FF9E25B9F4AB008E9C7E /* Frameworks */ = {
			isa = PBXFrameworksBuildPhase;
			buildActionMask = 2147483647;
			files = (
			);
			runOnlyForDeploymentPostprocessing = 0;
		};
		88B9FFA925B9F4AB008E9C7E /* Frameworks */ = {
			isa = PBXFrameworksBuildPhase;
			buildActionMask = 2147483647;
			files = (
			);
			runOnlyForDeploymentPostprocessing = 0;
		};
/* End PBXFrameworksBuildPhase section */

/* Begin PBXGroup section */
		88B9FF8225B9F4A8008E9C7E = {
			isa = PBXGroup;
			children = (
				88B9FF8D25B9F4A8008E9C7E /* Demo */,
				88B9FFA425B9F4AB008E9C7E /* DemoTests */,
				88B9FFAF25B9F4AB008E9C7E /* DemoUITests */,
				88B9FF8C25B9F4A8008E9C7E /* Products */,
			);
			sourceTree = "<group>";
		};
		88B9FF8C25B9F4A8008E9C7E /* Products */ = {
			isa = PBXGroup;
			children = (
				88B9FF8B25B9F4A8008E9C7E /* Demo.app */,
				88B9FFA125B9F4AB008E9C7E /* DemoTests.xctest */,
				88B9FFAC25B9F4AB008E9C7E /* DemoUITests.xctest */,
			);
			name = Products;
			sourceTree = "<group>";
		};
		88B9FF8D25B9F4A8008E9C7E /* Demo */ = {
			isa = PBXGroup;
			children = (
				88B9FFC125B9F4CC008E9C7E /* Views */,
				88B9FF8E25B9F4A8008E9C7E /* DemoApp.swift */,
				88B9FF9225B9F4AA008E9C7E /* Assets.xcassets */,
				88B9FF9C25B9F4AA008E9C7E /* Info.plist */,
				88B9FF9925B9F4AA008E9C7E /* Demo.xcdatamodeld */,
				88B9FF9425B9F4AA008E9C7E /* Preview Content */,
			);
			path = Demo;
			sourceTree = "<group>";
		};
		88B9FF9425B9F4AA008E9C7E /* Preview Content */ = {
			isa = PBXGroup;
			children = (
				88B9FF9525B9F4AA008E9C7E /* Preview Assets.xcassets */,
			);
			path = "Preview Content";
			sourceTree = "<group>";
		};
		88B9FFA425B9F4AB008E9C7E /* DemoTests */ = {
			isa = PBXGroup;
			children = (
				88B9FFA525B9F4AB008E9C7E /* DemoTests.swift */,
				88B9FFA725B9F4AB008E9C7E /* Info.plist */,
			);
			path = DemoTests;
			sourceTree = "<group>";
		};
		88B9FFAF25B9F4AB008E9C7E /* DemoUITests */ = {
			isa = PBXGroup;
			children = (
				88B9FFB025B9F4AB008E9C7E /* DemoUITests.swift */,
				88B9FFB225B9F4AB008E9C7E /* Info.plist */,
			);
			path = DemoUITests;
			sourceTree = "<group>";
		};
		88B9FFC125B9F4CC008E9C7E /* Views */ = {
			isa = PBXGroup;
			children = (
				88B9FFCC25B9F524008E9C7E /* Settings */,
				88B9FFCB25B9F520008E9C7E /* Home */,
				88B9FF9025B9F4A8008E9C7E /* MainView.swift */,
			);
			path = Views;
			sourceTree = "<group>";
		};
		88B9FFCB25B9F520008E9C7E /* Home */ = {
			isa = PBXGroup;
			children = (
				88B9FFD225B9F533008E9C7E /* HomeView.swift */,
			);
			path = Home;
			sourceTree = "<group>";
		};
		88B9FFCC25B9F524008E9C7E /* Settings */ = {
			isa = PBXGroup;
			children = (
				88B9FFCD25B9F52E008E9C7E /* SettingsView.swift */,
			);
			path = Settings;
			sourceTree = "<group>";
		};
/* End PBXGroup section */

/* Begin PBXNativeTarget section */
		88B9FF8A25B9F4A8008E9C7E /* Demo */ = {
			isa = PBXNativeTarget;
			buildConfigurationList = 88B9FFB525B9F4AB008E9C7E /* Build configuration list for PBXNativeTarget "Demo" */;
			buildPhases = (
				88B9FF8725B9F4A8008E9C7E /* Sources */,
				88B9FF8825B9F4A8008E9C7E /* Frameworks */,
				88B9FF8925B9F4A8008E9C7E /* Resources */,
			);
			buildRules = (
			);
			dependencies = (
			);
			name = Demo;
			productName = Demo;
			productReference = 88B9FF8B25B9F4A8008E9C7E /* Demo.app */;
			productType = "com.apple.product-type.application";
		};
		88B9FFA025B9F4AB008E9C7E /* DemoTests */ = {
			isa = PBXNativeTarget;
			buildConfigurationList = 88B9FFB825B9F4AB008E9C7E /* Build configuration list for PBXNativeTarget "DemoTests" */;
			buildPhases = (
				88B9FF9D25B9F4AB008E9C7E /* Sources */,
				88B9FF9E25B9F4AB008E9C7E /* Frameworks */,
				88B9FF9F25B9F4AB008E9C7E /* Resources */,
			);
			buildRules = (
			);
			dependencies = (
				88B9FFA325B9F4AB008E9C7E /* PBXTargetDependency */,
			);
			name = DemoTests;
			productName = DemoTests;
			productReference = 88B9FFA125B9F4AB008E9C7E /* DemoTests.xctest */;
			productType = "com.apple.product-type.bundle.unit-test";
		};
		88B9FFAB25B9F4AB008E9C7E /* DemoUITests */ = {
			isa = PBXNativeTarget;
			buildConfigurationList = 88B9FFBB25B9F4AB008E9C7E /* Build configuration list for PBXNativeTarget "DemoUITests" */;
			buildPhases = (
				88B9FFA825B9F4AB008E9C7E /* Sources */,
				88B9FFA925B9F4AB008E9C7E /* Frameworks */,
				88B9FFAA25B9F4AB008E9C7E /* Resources */,
			);
			buildRules = (
			);
			dependencies = (
				88B9FFAE25B9F4AB008E9C7E /* PBXTargetDependency */,
			);
			name = DemoUITests;
			productName = DemoUITests;
			productReference = 88B9FFAC25B9F4AB008E9C7E /* DemoUITests.xctest */;
			productType = "com.apple.product-type.bundle.ui-testing";
		};
/* End PBXNativeTarget section */

/* Begin PBXProject section */
		88B9FF8325B9F4A8008E9C7E /* Project object */ = {
			isa = PBXProject;
			attributes = {
				LastSwiftUpdateCheck = 1230;
				LastUpgradeCheck = 1230;
				TargetAttributes = {
					88B9FF8A25B9F4A8008E9C7E = {
						CreatedOnToolsVersion = 12.3;
					};
					88B9FFA025B9F4AB008E9C7E = {
						CreatedOnToolsVersion = 12.3;
						TestTargetID = 88B9FF8A25B9F4A8008E9C7E;
					};
					88B9FFAB25B9F4AB008E9C7E = {
						CreatedOnToolsVersion = 12.3;
						TestTargetID = 88B9FF8A25B9F4A8008E9C7E;
					};
				};
			};
			buildConfigurationList = 88B9FF8625B9F4A8008E9C7E /* Build configuration list for PBXProject "Demo" */;
			compatibilityVersion = "Xcode 9.3";
			developmentRegion = en;
			hasScannedForEncodings = 0;
			knownRegions = (
				en,
				Base,
			);
			mainGroup = 88B9FF8225B9F4A8008E9C7E;
			productRefGroup = 88B9FF8C25B9F4A8008E9C7E /* Products */;
			projectDirPath = "";
			projectRoot = "";
			targets = (
				88B9FF8A25B9F4A8008E9C7E /* Demo */,
				88B9FFA025B9F4AB008E9C7E /* DemoTests */,
				88B9FFAB25B9F4AB008E9C7E /* DemoUITests */,
			);
		};
/* End PBXProject section */

/* Begin PBXResourcesBuildPhase section */
		88B9FF8925B9F4A8008E9C7E /* Resources */ = {
			isa = PBXResourcesBuildPhase;
			buildActionMask = 2147483647;
			files = (
				88B9FF9625B9F4AA008E9C7E /* Preview Assets.xcassets in Resources */,
				88B9FF9325B9F4AA008E9C7E /* Assets.xcassets in Resources */,
			);
			runOnlyForDeploymentPostprocessing = 0;
		};
		88B9FF9F25B9F4AB008E9C7E /* Resources */ = {
			isa = PBXResourcesBuildPhase;
			buildActionMask = 2147483647;
			files = (
			);
			runOnlyForDeploymentPostprocessing = 0;
		};
		88B9FFAA25B9F4AB008E9C7E /* Resources */ = {
			isa = PBXResourcesBuildPhase;
			buildActionMask = 2147483647;
			files = (
			);
			runOnlyForDeploymentPostprocessing = 0;
		};
/* End PBXResourcesBuildPhase section */

/* Begin PBXSourcesBuildPhase section */
		88B9FF8725B9F4A8008E9C7E /* Sources */ = {
			isa = PBXSourcesBuildPhase;
			buildActionMask = 2147483647;
			files = (
				88B9FF9125B9F4A8008E9C7E /* MainView.swift in Sources */,
				88B9FFCE25B9F52E008E9C7E /* SettingsView.swift in Sources */,
				88B9FF9B25B9F4AA008E9C7E /* Demo.xcdatamodeld in Sources */,
				88B9FF8F25B9F4A8008E9C7E /* DemoApp.swift in Sources */,
				88B9FFD325B9F533008E9C7E /* HomeView.swift in Sources */,
			);
			runOnlyForDeploymentPostprocessing = 0;
		};
		88B9FF9D25B9F4AB008E9C7E /* Sources */ = {
			isa = PBXSourcesBuildPhase;
			buildActionMask = 2147483647;
			files = (
				88B9FFA625B9F4AB008E9C7E /* DemoTests.swift in Sources */,
			);
			runOnlyForDeploymentPostprocessing = 0;
		};
		88B9FFA825B9F4AB008E9C7E /* Sources */ = {
			isa = PBXSourcesBuildPhase;
			buildActionMask = 2147483647;
			files = (
				88B9FFB125B9F4AB008E9C7E /* DemoUITests.swift in Sources */,
			);
			runOnlyForDeploymentPostprocessing = 0;
		};
/* End PBXSourcesBuildPhase section */

/* Begin PBXTargetDependency section */
		88B9FFA325B9F4AB008E9C7E /* PBXTargetDependency */ = {
			isa = PBXTargetDependency;
			target = 88B9FF8A25B9F4A8008E9C7E /* Demo */;
			targetProxy = 88B9FFA225B9F4AB008E9C7E /* PBXContainerItemProxy */;
		};
		88B9FFAE25B9F4AB008E9C7E /* PBXTargetDependency */ = {
			isa = PBXTargetDependency;
			target = 88B9FF8A25B9F4A8008E9C7E /* Demo */;
			targetProxy = 88B9FFAD25B9F4AB008E9C7E /* PBXContainerItemProxy */;
		};
/* End PBXTargetDependency section */

/* Begin XCBuildConfiguration section */
		88B9FFB325B9F4AB008E9C7E /* Debug */ = {
			isa = XCBuildConfiguration;
			buildSettings = {
				ALWAYS_SEARCH_USER_PATHS = NO;
				CLANG_ANALYZER_NONNULL = YES;
				CLANG_ANALYZER_NUMBER_OBJECT_CONVERSION = YES_AGGRESSIVE;
				CLANG_CXX_LANGUAGE_STANDARD = "gnu++14";
				CLANG_CXX_LIBRARY = "libc++";
				CLANG_ENABLE_MODULES = YES;
				CLANG_ENABLE_OBJC_ARC = YES;
				CLANG_ENABLE_OBJC_WEAK = YES;
				CLANG_WARN_BLOCK_CAPTURE_AUTORELEASING = YES;
				CLANG_WARN_BOOL_CONVERSION = YES;
				CLANG_WARN_COMMA = YES;
				CLANG_WARN_CONSTANT_CONVERSION = YES;
				CLANG_WARN_DEPRECATED_OBJC_IMPLEMENTATIONS = YES;
				CLANG_WARN_DIRECT_OBJC_ISA_USAGE = YES_ERROR;
				CLANG_WARN_DOCUMENTATION_COMMENTS = YES;
				CLANG_WARN_EMPTY_BODY = YES;
				CLANG_WARN_ENUM_CONVERSION = YES;
				CLANG_WARN_INFINITE_RECURSION = YES;
				CLANG_WARN_INT_CONVERSION = YES;
				CLANG_WARN_NON_LITERAL_NULL_CONVERSION = YES;
				CLANG_WARN_OBJC_IMPLICIT_RETAIN_SELF = YES;
				CLANG_WARN_OBJC_LITERAL_CONVERSION = YES;
				CLANG_WARN_OBJC_ROOT_CLASS = YES_ERROR;
				CLANG_WARN_QUOTED_INCLUDE_IN_FRAMEWORK_HEADER = YES;
				CLANG_WARN_RANGE_LOOP_ANALYSIS = YES;
				CLANG_WARN_STRICT_PROTOTYPES = YES;
				CLANG_WARN_SUSPICIOUS_MOVE = YES;
				CLANG_WARN_UNGUARDED_AVAILABILITY = YES_AGGRESSIVE;
				CLANG_WARN_UNREACHABLE_CODE = YES;
				CLANG_WARN__DUPLICATE_METHOD_MATCH = YES;
				COPY_PHASE_STRIP = NO;
				DEBUG_INFORMATION_FORMAT = dwarf;
				ENABLE_STRICT_OBJC_MSGSEND = YES;
				ENABLE_TESTABILITY = YES;
				GCC_C_LANGUAGE_STANDARD = gnu11;
				GCC_DYNAMIC_NO_PIC = NO;
				GCC_NO_COMMON_BLOCKS = YES;
				GCC_OPTIMIZATION_LEVEL = 0;
				GCC_PREPROCESSOR_DEFINITIONS = (
					"DEBUG=1",
					"$(inherited)",
				);
				GCC_WARN_64_TO_32_BIT_CONVERSION = YES;
				GCC_WARN_ABOUT_RETURN_TYPE = YES_ERROR;
				GCC_WARN_UNDECLARED_SELECTOR = YES;
				GCC_WARN_UNINITIALIZED_AUTOS = YES_AGGRESSIVE;
				GCC_WARN_UNUSED_FUNCTION = YES;
				GCC_WARN_UNUSED_VARIABLE = YES;
				IPHONEOS_DEPLOYMENT_TARGET = 14.3;
				MTL_ENABLE_DEBUG_INFO = INCLUDE_SOURCE;
				MTL_FAST_MATH = YES;
				ONLY_ACTIVE_ARCH = YES;
				SDKROOT = iphoneos;
				SWIFT_ACTIVE_COMPILATION_CONDITIONS = DEBUG;
				SWIFT_OPTIMIZATION_LEVEL = "-Onone";
			};
			name = Debug;
		};
		88B9FFB425B9F4AB008E9C7E /* Release */ = {
			isa = XCBuildConfiguration;
			buildSettings = {
				ALWAYS_SEARCH_USER_PATHS = NO;
				CLANG_ANALYZER_NONNULL = YES;
				CLANG_ANALYZER_NUMBER_OBJECT_CONVERSION = YES_AGGRESSIVE;
				CLANG_CXX_LANGUAGE_STANDARD = "gnu++14";
				CLANG_CXX_LIBRARY = "libc++";
				CLANG_ENABLE_MODULES = YES;
				CLANG_ENABLE_OBJC_ARC = YES;
				CLANG_ENABLE_OBJC_WEAK = YES;
				CLANG_WARN_BLOCK_CAPTURE_AUTORELEASING = YES;
				CLANG_WARN_BOOL_CONVERSION = YES;
				CLANG_WARN_COMMA = YES;
				CLANG_WARN_CONSTANT_CONVERSION = YES;
				CLANG_WARN_DEPRECATED_OBJC_IMPLEMENTATIONS = YES;
				CLANG_WARN_DIRECT_OBJC_ISA_USAGE = YES_ERROR;
				CLANG_WARN_DOCUMENTATION_COMMENTS = YES;
				CLANG_WARN_EMPTY_BODY = YES;
				CLANG_WARN_ENUM_CONVERSION = YES;
				CLANG_WARN_INFINITE_RECURSION = YES;
				CLANG_WARN_INT_CONVERSION = YES;
				CLANG_WARN_NON_LITERAL_NULL_CONVERSION = YES;
				CLANG_WARN_OBJC_IMPLICIT_RETAIN_SELF = YES;
				CLANG_WARN_OBJC_LITERAL_CONVERSION = YES;
				CLANG_WARN_OBJC_ROOT_CLASS = YES_ERROR;
				CLANG_WARN_QUOTED_INCLUDE_IN_FRAMEWORK_HEADER = YES;
				CLANG_WARN_RANGE_LOOP_ANALYSIS = YES;
				CLANG_WARN_STRICT_PROTOTYPES = YES;
				CLANG_WARN_SUSPICIOUS_MOVE = YES;
				CLANG_WARN_UNGUARDED_AVAILABILITY = YES_AGGRESSIVE;
				CLANG_WARN_UNREACHABLE_CODE = YES;
				CLANG_WARN__DUPLICATE_METHOD_MATCH = YES;
				COPY_PHASE_STRIP = NO;
				DEBUG_INFORMATION_FORMAT = "dwarf-with-dsym";
				ENABLE_NS_ASSERTIONS = NO;
				ENABLE_STRICT_OBJC_MSGSEND = YES;
				GCC_C_LANGUAGE_STANDARD = gnu11;
				GCC_NO_COMMON_BLOCKS = YES;
				GCC_WARN_64_TO_32_BIT_CONVERSION = YES;
				GCC_WARN_ABOUT_RETURN_TYPE = YES_ERROR;
				GCC_WARN_UNDECLARED_SELECTOR = YES;
				GCC_WARN_UNINITIALIZED_AUTOS = YES_AGGRESSIVE;
				GCC_WARN_UNUSED_FUNCTION = YES;
				GCC_WARN_UNUSED_VARIABLE = YES;
				IPHONEOS_DEPLOYMENT_TARGET = 14.3;
				MTL_ENABLE_DEBUG_INFO = NO;
				MTL_FAST_MATH = YES;
				SDKROOT = iphoneos;
				SWIFT_COMPILATION_MODE = wholemodule;
				SWIFT_OPTIMIZATION_LEVEL = "-O";
				VALIDATE_PRODUCT = YES;
			};
			name = Release;
		};
		88B9FFB625B9F4AB008E9C7E /* Debug */ = {
			isa = XCBuildConfiguration;
			buildSettings = {
				ASSETCATALOG_COMPILER_APPICON_NAME = AppIcon;
				ASSETCATALOG_COMPILER_GLOBAL_ACCENT_COLOR_NAME = AccentColor;
				CODE_SIGN_STYLE = Automatic;
				DEVELOPMENT_ASSET_PATHS = "\"Demo/Preview Content\"";
				DEVELOPMENT_TEAM = 8BUR3H37HV;
				ENABLE_PREVIEWS = YES;
				INFOPLIST_FILE = Demo/Info.plist;
				IPHONEOS_DEPLOYMENT_TARGET = 14.0;
				LD_RUNPATH_SEARCH_PATHS = (
					"$(inherited)",
					"@executable_path/Frameworks",
				);
				PRODUCT_BUNDLE_IDENTIFIER = io.nvlas.Demo;
				PRODUCT_NAME = "$(TARGET_NAME)";
				SWIFT_VERSION = 5.0;
				TARGETED_DEVICE_FAMILY = "1,2";
			};
			name = Debug;
		};
		88B9FFB725B9F4AB008E9C7E /* Release */ = {
			isa = XCBuildConfiguration;
			buildSettings = {
				ASSETCATALOG_COMPILER_APPICON_NAME = AppIcon;
				ASSETCATALOG_COMPILER_GLOBAL_ACCENT_COLOR_NAME = AccentColor;
				CODE_SIGN_STYLE = Automatic;
				DEVELOPMENT_ASSET_PATHS = "\"Demo/Preview Content\"";
				DEVELOPMENT_TEAM = 8BUR3H37HV;
				ENABLE_PREVIEWS = YES;
				INFOPLIST_FILE = Demo/Info.plist;
				IPHONEOS_DEPLOYMENT_TARGET = 14.0;
				LD_RUNPATH_SEARCH_PATHS = (
					"$(inherited)",
					"@executable_path/Frameworks",
				);
				PRODUCT_BUNDLE_IDENTIFIER = io.nvlas.Demo;
				PRODUCT_NAME = "$(TARGET_NAME)";
				SWIFT_VERSION = 5.0;
				TARGETED_DEVICE_FAMILY = "1,2";
			};
			name = Release;
		};
		88B9FFB925B9F4AB008E9C7E /* Debug */ = {
			isa = XCBuildConfiguration;
			buildSettings = {
				ALWAYS_EMBED_SWIFT_STANDARD_LIBRARIES = YES;
				BUNDLE_LOADER = "$(TEST_HOST)";
				CODE_SIGN_STYLE = Automatic;
				DEVELOPMENT_TEAM = 8BUR3H37HV;
				INFOPLIST_FILE = DemoTests/Info.plist;
				IPHONEOS_DEPLOYMENT_TARGET = 14.0;
				LD_RUNPATH_SEARCH_PATHS = (
					"$(inherited)",
					"@executable_path/Frameworks",
					"@loader_path/Frameworks",
				);
				PRODUCT_BUNDLE_IDENTIFIER = io.nvlas.DemoTests;
				PRODUCT_NAME = "$(TARGET_NAME)";
				SWIFT_VERSION = 5.0;
				TARGETED_DEVICE_FAMILY = "1,2";
				TEST_HOST = "$(BUILT_PRODUCTS_DIR)/Demo.app/Demo";
			};
			name = Debug;
		};
		88B9FFBA25B9F4AB008E9C7E /* Release */ = {
			isa = XCBuildConfiguration;
			buildSettings = {
				ALWAYS_EMBED_SWIFT_STANDARD_LIBRARIES = YES;
				BUNDLE_LOADER = "$(TEST_HOST)";
				CODE_SIGN_STYLE = Automatic;
				DEVELOPMENT_TEAM = 8BUR3H37HV;
				INFOPLIST_FILE = DemoTests/Info.plist;
				IPHONEOS_DEPLOYMENT_TARGET = 14.0;
				LD_RUNPATH_SEARCH_PATHS = (
					"$(inherited)",
					"@executable_path/Frameworks",
					"@loader_path/Frameworks",
				);
				PRODUCT_BUNDLE_IDENTIFIER = io.nvlas.DemoTests;
				PRODUCT_NAME = "$(TARGET_NAME)";
				SWIFT_VERSION = 5.0;
				TARGETED_DEVICE_FAMILY = "1,2";
				TEST_HOST = "$(BUILT_PRODUCTS_DIR)/Demo.app/Demo";
			};
			name = Release;
		};
		88B9FFBC25B9F4AB008E9C7E /* Debug */ = {
			isa = XCBuildConfiguration;
			buildSettings = {
				ALWAYS_EMBED_SWIFT_STANDARD_LIBRARIES = YES;
				CODE_SIGN_STYLE = Automatic;
				DEVELOPMENT_TEAM = 8BUR3H37HV;
				INFOPLIST_FILE = DemoUITests/Info.plist;
				LD_RUNPATH_SEARCH_PATHS = (
					"$(inherited)",
					"@executable_path/Frameworks",
					"@loader_path/Frameworks",
				);
				PRODUCT_BUNDLE_IDENTIFIER = io.nvlas.DemoUITests;
				PRODUCT_NAME = "$(TARGET_NAME)";
				SWIFT_VERSION = 5.0;
				TARGETED_DEVICE_FAMILY = "1,2";
				TEST_TARGET_NAME = Demo;
			};
			name = Debug;
		};
		88B9FFBD25B9F4AB008E9C7E /* Release */ = {
			isa = XCBuildConfiguration;
			buildSettings = {
				ALWAYS_EMBED_SWIFT_STANDARD_LIBRARIES = YES;
				CODE_SIGN_STYLE = Automatic;
				DEVELOPMENT_TEAM = 8BUR3H37HV;
				INFOPLIST_FILE = DemoUITests/Info.plist;
				LD_RUNPATH_SEARCH_PATHS = (
					"$(inherited)",
					"@executable_path/Frameworks",
					"@loader_path/Frameworks",
				);
				PRODUCT_BUNDLE_IDENTIFIER = io.nvlas.DemoUITests;
				PRODUCT_NAME = "$(TARGET_NAME)";
				SWIFT_VERSION = 5.0;
				TARGETED_DEVICE_FAMILY = "1,2";
				TEST_TARGET_NAME = Demo;
			};
			name = Release;
		};
/* End XCBuildConfiguration section */

/* Begin XCConfigurationList section */
		88B9FF8625B9F4A8008E9C7E /* Build configuration list for PBXProject "Demo" */ = {
			isa = XCConfigurationList;
			buildConfigurations = (
				88B9FFB325B9F4AB008E9C7E /* Debug */,
				88B9FFB425B9F4AB008E9C7E /* Release */,
			);
			defaultConfigurationIsVisible = 0;
			defaultConfigurationName = Release;
		};
		88B9FFB525B9F4AB008E9C7E /* Build configuration list for PBXNativeTarget "Demo" */ = {
			isa = XCConfigurationList;
			buildConfigurations = (
				88B9FFB625B9F4AB008E9C7E /* Debug */,
				88B9FFB725B9F4AB008E9C7E /* Release */,
			);
			defaultConfigurationIsVisible = 0;
			defaultConfigurationName = Release;
		};
		88B9FFB825B9F4AB008E9C7E /* Build configuration list for PBXNativeTarget "DemoTests" */ = {
			isa = XCConfigurationList;
			buildConfigurations = (
				88B9FFB925B9F4AB008E9C7E /* Debug */,
				88B9FFBA25B9F4AB008E9C7E /* Release */,
			);
			defaultConfigurationIsVisible = 0;
			defaultConfigurationName = Release;
		};
		88B9FFBB25B9F4AB008E9C7E /* Build configuration list for PBXNativeTarget "DemoUITests" */ = {
			isa = XCConfigurationList;
			buildConfigurations = (
				88B9FFBC25B9F4AB008E9C7E /* Debug */,
				88B9FFBD25B9F4AB008E9C7E /* Release */,
			);
			defaultConfigurationIsVisible = 0;
			defaultConfigurationName = Release;
		};
/* End XCConfigurationList section */

/* Begin XCVersionGroup section */
		88B9FF9925B9F4AA008E9C7E /* Demo.xcdatamodeld */ = {
			isa = XCVersionGroup;
			children = (
				88B9FF9A25B9F4AA008E9C7E /* Demo.xcdatamodel */,
			);
			currentVersion = 88B9FF9A25B9F4AA008E9C7E /* Demo.xcdatamodel */;
			path = Demo.xcdatamodeld;
			sourceTree = "<group>";
			versionGroupType = wrapper.xcdatamodel;
		};
/* End XCVersionGroup section */
	};
	rootObject = 88B9FF8325B9F4A8008E9C7E /* Project object */;
}
